
Microsoft Visual Studio Solution File, Format Version 12.00
# Visual Studio Version 16
VisualStudioVersion = 16.0.30320.27
MinimumVisualStudioVersion = 10.0.40219.1
Project("{FAE04EC0-301F-11D3-BF4B-00C04F79EFBC}") = "Task3_WebApiCore.WebApi", "Task3_WebApiCore.WebApi\Task3_WebApiCore.WebApi.csproj", "{9F6FC220-4C07-4945-AF6A-D27F99D9591E}"
EndProject
Project("{FAE04EC0-301F-11D3-BF4B-00C04F79EFBC}") = "Task3_WebApiCore.CmdUI", "Task3_WebApiCore.CmdUI\Task3_WebApiCore.CmdUI.csproj", "{F245136E-B235-45C4-83C6-F70BF5BC20FB}"
EndProject
Project("{FAE04EC0-301F-11D3-BF4B-00C04F79EFBC}") = "Task3_WebApiCore.BooksDB", "Task3_WebApiCore.BooksDB\Task3_WebApiCore.BooksDB.csproj", "{87892293-F2E3-4B33-BC9A-FF58C896BD19}"
EndProject
Global
	GlobalSection(SolutionConfigurationPlatforms) = preSolution
		Debug|Any CPU = Debug|Any CPU
		Release|Any CPU = Release|Any CPU
	EndGlobalSection
	GlobalSection(ProjectConfigurationPlatforms) = postSolution
		{9F6FC220-4C07-4945-AF6A-D27F99D9591E}.Debug|Any CPU.ActiveCfg = Debug|Any CPU
		{9F6FC220-4C07-4945-AF6A-D27F99D9591E}.Debug|Any CPU.Build.0 = Debug|Any CPU
		{9F6FC220-4C07-4945-AF6A-D27F99D9591E}.Release|Any CPU.ActiveCfg = Release|Any CPU
		{9F6FC220-4C07-4945-AF6A-D27F99D9591E}.Release|Any CPU.Build.0 = Release|Any CPU
		{F245136E-B235-45C4-83C6-F70BF5BC20FB}.Debug|Any CPU.ActiveCfg = Debug|Any CPU
		{F245136E-B235-45C4-83C6-F70BF5BC20FB}.Debug|Any CPU.Build.0 = Debug|Any CPU
		{F245136E-B235-45C4-83C6-F70BF5BC20FB}.Release|Any CPU.ActiveCfg = Release|Any CPU
		{F245136E-B235-45C4-83C6-F70BF5BC20FB}.Release|Any CPU.Build.0 = Release|Any CPU
		{87892293-F2E3-4B33-BC9A-FF58C896BD19}.Debug|Any CPU.ActiveCfg = Debug|Any CPU
		{87892293-F2E3-4B33-BC9A-FF58C896BD19}.Debug|Any CPU.Build.0 = Debug|Any CPU
		{87892293-F2E3-4B33-BC9A-FF58C896BD19}.Release|Any CPU.ActiveCfg = Release|Any CPU
		{87892293-F2E3-4B33-BC9A-FF58C896BD19}.Release|Any CPU.Build.0 = Release|Any CPU
	EndGlobalSection
	GlobalSection(SolutionProperties) = preSolution
		HideSolutionNode = FALSE
	EndGlobalSection
	GlobalSection(ExtensibilityGlobals) = postSolution
		SolutionGuid = {3BB80DCC-3FF8-49F2-B70F-A81E7216C279}
	EndGlobalSection
EndGlobal
